{
    "_readme": [
        "This file locks the dependencies of your project to a known state",
        "Read more about it at https://getcomposer.org/doc/01-basic-usage.md#composer-lock-the-lock-file",
        "This file is @generated automatically"
    ],
    "hash": "9a209cc69d52ac030e11b8a2f1a32b6b",
    "content-hash": "b10e93343b0c2899b3e44cba4f40d95a",
    "packages": [
        {
            "name": "barracudanetworks/forkdaemon-php",
            "version": "v1.0.7",
            "source": {
                "type": "git",
                "url": "https://github.com/barracudanetworks/forkdaemon-php.git",
                "reference": "9f9402909a4bd1ac98e5aacb6f15f19056f591f6"
            },
            "dist": {
                "type": "zip",
                "url": "https://api.github.com/repos/barracudanetworks/forkdaemon-php/zipball/9f9402909a4bd1ac98e5aacb6f15f19056f591f6",
                "reference": "9f9402909a4bd1ac98e5aacb6f15f19056f591f6",
                "shasum": ""
            },
            "require": {
                "php": ">=5.3.0"
            },
            "type": "library",
            "autoload": {
                "classmap": [
                    "fork_daemon.php"
                ]
            },
            "notification-url": "https://packagist.org/downloads/",
            "license": [
                "MIT"
            ],
            "description": "A library to make setup and management of forking daemons in PHP easy.",
            "homepage": "https://github.com/barracudanetworks/forkdaemon-php",
            "keywords": [
                "daemons",
                "forking",
                "php"
            ],
            "time": "2016-01-12 19:40:56"
        },
        {
            "name": "pdepend/pdepend",
            "version": "2.2.2",
            "source": {
                "type": "git",
                "url": "https://github.com/pdepend/pdepend.git",
                "reference": "d3ae0d084d526cdc6c3f1b858fb7148de77b41c5"
            },
            "dist": {
                "type": "zip",
                "url": "https://api.github.com/repos/pdepend/pdepend/zipball/d3ae0d084d526cdc6c3f1b858fb7148de77b41c5",
                "reference": "d3ae0d084d526cdc6c3f1b858fb7148de77b41c5",
                "shasum": ""
            },
            "require": {
                "php": ">=5.3.7",
                "symfony/config": "^2.3.0",
                "symfony/dependency-injection": "^2.3.0",
                "symfony/filesystem": "^2.3.0"
            },
            "require-dev": {
                "phpunit/phpunit": "^4.0.0,<4.8",
                "squizlabs/php_codesniffer": "^2.0.0"
            },
            "bin": [
                "src/bin/pdepend"
            ],
            "type": "library",
            "autoload": {
                "psr-0": {
                    "PDepend\\": "src/main/php/"
                }
            },
            "notification-url": "https://packagist.org/downloads/",
            "license": [
                "BSD-3-Clause"
            ],
            "description": "Official version of pdepend to be handled with Composer",
            "time": "2015-10-16 08:49:58"
        },
        {
            "name": "phpmd/phpmd",
            "version": "2.3.2",
            "source": {
                "type": "git",
                "url": "https://github.com/phpmd/phpmd.git",
                "reference": "08b5bcd454a7148579b68931fc500d824afd3bb5"
            },
            "dist": {
                "type": "zip",
                "url": "https://api.github.com/repos/phpmd/phpmd/zipball/08b5bcd454a7148579b68931fc500d824afd3bb5",
                "reference": "08b5bcd454a7148579b68931fc500d824afd3bb5",
                "shasum": ""
            },
            "require": {
                "pdepend/pdepend": "~2.0",
                "php": ">=5.3.0"
            },
            "require-dev": {
                "phpunit/phpunit": "^4.0",
                "squizlabs/php_codesniffer": "^2.0"
            },
            "bin": [
                "src/bin/phpmd"
            ],
            "type": "project",
            "autoload": {
                "psr-0": {
                    "PHPMD\\": "src/main/php"
                }
            },
            "notification-url": "https://packagist.org/downloads/",
            "license": [
                "BSD-3-Clause"
            ],
            "authors": [
                {
                    "name": "Manuel Pichler",
                    "email": "github@manuel-pichler.de",
                    "homepage": "https://github.com/manuelpichler",
                    "role": "Project founder"
                },
                {
                    "name": "Other contributors",
                    "homepage": "https://github.com/phpmd/phpmd/graphs/contributors",
                    "role": "Contributors"
                },
                {
                    "name": "Marc Würth",
                    "email": "ravage@bluewin.ch",
                    "homepage": "https://github.com/ravage84",
                    "role": "Project Maintainer"
                }
            ],
            "description": "PHPMD is a spin-off project of PHP Depend and aims to be a PHP equivalent of the well known Java tool PMD.",
            "homepage": "http://phpmd.org/",
            "keywords": [
                "mess detection",
                "mess detector",
                "pdepend",
                "phpmd",
                "pmd"
            ],
            "time": "2015-09-24 14:37:49"
        },
        {
            "name": "symfony/config",
            "version": "v2.8.2",
            "source": {
                "type": "git",
                "url": "https://github.com/symfony/config.git",
                "reference": "41ee6c70758f40fa1dbf90d019ae0a66c4a09e74"
            },
            "dist": {
                "type": "zip",
                "url": "https://api.github.com/repos/symfony/config/zipball/41ee6c70758f40fa1dbf90d019ae0a66c4a09e74",
                "reference": "41ee6c70758f40fa1dbf90d019ae0a66c4a09e74",
                "shasum": ""
            },
            "require": {
                "php": ">=5.3.9",
                "symfony/filesystem": "~2.3|~3.0.0"
            },
            "type": "library",
            "extra": {
                "branch-alias": {
                    "dev-master": "2.8-dev"
                }
            },
            "autoload": {
                "psr-4": {
                    "Symfony\\Component\\Config\\": ""
                },
                "exclude-from-classmap": [
                    "/Tests/"
                ]
            },
            "notification-url": "https://packagist.org/downloads/",
            "license": [
                "MIT"
            ],
            "authors": [
                {
                    "name": "Fabien Potencier",
                    "email": "fabien@symfony.com"
                },
                {
                    "name": "Symfony Community",
                    "homepage": "https://symfony.com/contributors"
                }
            ],
            "description": "Symfony Config Component",
            "homepage": "https://symfony.com",
            "time": "2016-01-03 15:33:41"
        },
        {
            "name": "symfony/dependency-injection",
            "version": "v2.8.2",
            "source": {
                "type": "git",
                "url": "https://github.com/symfony/dependency-injection.git",
                "reference": "ba94a914e244e0d05f0aaef460d5558d5541d2b1"
            },
            "dist": {
                "type": "zip",
                "url": "https://api.github.com/repos/symfony/dependency-injection/zipball/ba94a914e244e0d05f0aaef460d5558d5541d2b1",
                "reference": "ba94a914e244e0d05f0aaef460d5558d5541d2b1",
                "shasum": ""
            },
            "require": {
                "php": ">=5.3.9"
            },
            "conflict": {
                "symfony/expression-language": "<2.6"
            },
            "require-dev": {
                "symfony/config": "~2.2|~3.0.0",
                "symfony/expression-language": "~2.6|~3.0.0",
                "symfony/yaml": "~2.1|~3.0.0"
            },
            "suggest": {
                "symfony/config": "",
                "symfony/proxy-manager-bridge": "Generate service proxies to lazy load them",
                "symfony/yaml": ""
            },
            "type": "library",
            "extra": {
                "branch-alias": {
                    "dev-master": "2.8-dev"
                }
            },
            "autoload": {
                "psr-4": {
                    "Symfony\\Component\\DependencyInjection\\": ""
                },
                "exclude-from-classmap": [
                    "/Tests/"
                ]
            },
            "notification-url": "https://packagist.org/downloads/",
            "license": [
                "MIT"
            ],
            "authors": [
                {
                    "name": "Fabien Potencier",
                    "email": "fabien@symfony.com"
                },
                {
                    "name": "Symfony Community",
                    "homepage": "https://symfony.com/contributors"
                }
            ],
            "description": "Symfony DependencyInjection Component",
            "homepage": "https://symfony.com",
            "time": "2016-01-12 17:46:01"
        },
        {
            "name": "symfony/filesystem",
            "version": "v2.8.2",
            "source": {
                "type": "git",
                "url": "https://github.com/symfony/filesystem.git",
                "reference": "637b64d0ee10f44ae98dbad651b1ecdf35a11e8c"
            },
            "dist": {
                "type": "zip",
                "url": "https://api.github.com/repos/symfony/filesystem/zipball/637b64d0ee10f44ae98dbad651b1ecdf35a11e8c",
                "reference": "637b64d0ee10f44ae98dbad651b1ecdf35a11e8c",
                "shasum": ""
            },
            "require": {
                "php": ">=5.3.9"
            },
            "type": "library",
            "extra": {
                "branch-alias": {
                    "dev-master": "2.8-dev"
                }
            },
            "autoload": {
                "psr-4": {
                    "Symfony\\Component\\Filesystem\\": ""
                },
                "exclude-from-classmap": [
                    "/Tests/"
                ]
            },
            "notification-url": "https://packagist.org/downloads/",
            "license": [
                "MIT"
            ],
            "authors": [
                {
                    "name": "Fabien Potencier",
                    "email": "fabien@symfony.com"
                },
                {
                    "name": "Symfony Community",
                    "homepage": "https://symfony.com/contributors"
                }
            ],
            "description": "Symfony Filesystem Component",
            "homepage": "https://symfony.com",
            "time": "2016-01-13 10:28:07"
        }
    ],
    "packages-dev": [],
    "aliases": [],
    "minimum-stability": "stable",
    "stability-flags": [],
    "prefer-stable": false,
    "prefer-lowest": false,
    "platform": [],
    "platform-dev": []
}
